
Microsoft Visual Studio Solution File, Format Version 12.00
# Visual Studio Version 17
VisualStudioVersion = 17.0.31903.59
MinimumVisualStudioVersion = 10.0.40219.1
Project("{9A19103F-16F7-4668-BE54-9A1E7A4F7556}") = "MAS.API", "MAS.API\MAS.API.csproj", "{9F5831DD-21A2-4420-8DED-ED05CF8B8DC4}"
EndProject
Project("{FAE04EC0-301F-11D3-BF4B-00C04F79EFBC}") = "MAS.BlazorUI", "MAS.BlazorUI\MAS.BlazorUI.csproj", "{60D39198-CE72-4B31-A293-A9F3CB309FDA}"
EndProject
Global
	GlobalSection(SolutionConfigurationPlatforms) = preSolution
		Debug|Any CPU = Debug|Any CPU
		Release|Any CPU = Release|Any CPU
	EndGlobalSection
	GlobalSection(ProjectConfigurationPlatforms) = postSolution
		{9F5831DD-21A2-4420-8DED-ED05CF8B8DC4}.Debug|Any CPU.ActiveCfg = Debug|Any CPU
		{9F5831DD-21A2-4420-8DED-ED05CF8B8DC4}.Debug|Any CPU.Build.0 = Debug|Any CPU
		{9F5831DD-21A2-4420-8DED-ED05CF8B8DC4}.Release|Any CPU.ActiveCfg = Release|Any CPU
		{9F5831DD-21A2-4420-8DED-ED05CF8B8DC4}.Release|Any CPU.Build.0 = Release|Any CPU
		{60D39198-CE72-4B31-A293-A9F3CB309FDA}.Debug|Any CPU.ActiveCfg = Debug|Any CPU
		{60D39198-CE72-4B31-A293-A9F3CB309FDA}.Debug|Any CPU.Build.0 = Debug|Any CPU
		{60D39198-CE72-4B31-A293-A9F3CB309FDA}.Release|Any CPU.ActiveCfg = Release|Any CPU
		{60D39198-CE72-4B31-A293-A9F3CB309FDA}.Release|Any CPU.Build.0 = Release|Any CPU
	EndGlobalSection
	GlobalSection(SolutionProperties) = preSolution
		HideSolutionNode = FALSE
	EndGlobalSection
	GlobalSection(ExtensibilityGlobals) = postSolution
		SolutionGuid = {D5DDD094-4B5A-4728-8AB7-5D833CFD6744}
	EndGlobalSection
EndGlobal
